
Microsoft Visual Studio Solution File, Format Version 12.00
# Visual Studio Version 16
VisualStudioVersion = 16.0.29409.12
MinimumVisualStudioVersion = 10.0.40219.1
Project("{FAE04EC0-301F-11D3-BF4B-00C04F79EFBC}") = "WebAPI", "WebAPI\WebAPI.csproj", "{16274307-8B8C-4EDA-8B8C-44CAFA2ACF28}"
EndProject
Project("{FAE04EC0-301F-11D3-BF4B-00C04F79EFBC}") = "WebClient", "WebClient\WebClient.csproj", "{3146698C-6C16-47BB-8BEF-FDAB2D8D99CC}"
EndProject
Global
	GlobalSection(SolutionConfigurationPlatforms) = preSolution
		Debug|Any CPU = Debug|Any CPU
		Release|Any CPU = Release|Any CPU
	EndGlobalSection
	GlobalSection(ProjectConfigurationPlatforms) = postSolution
		{16274307-8B8C-4EDA-8B8C-44CAFA2ACF28}.Debug|Any CPU.ActiveCfg = Debug|Any CPU
		{16274307-8B8C-4EDA-8B8C-44CAFA2ACF28}.Debug|Any CPU.Build.0 = Debug|Any CPU
		{16274307-8B8C-4EDA-8B8C-44CAFA2ACF28}.Release|Any CPU.ActiveCfg = Release|Any CPU
		{16274307-8B8C-4EDA-8B8C-44CAFA2ACF28}.Release|Any CPU.Build.0 = Release|Any CPU
		{3146698C-6C16-47BB-8BEF-FDAB2D8D99CC}.Debug|Any CPU.ActiveCfg = Debug|Any CPU
		{3146698C-6C16-47BB-8BEF-FDAB2D8D99CC}.Debug|Any CPU.Build.0 = Debug|Any CPU
		{3146698C-6C16-47BB-8BEF-FDAB2D8D99CC}.Release|Any CPU.ActiveCfg = Release|Any CPU
		{3146698C-6C16-47BB-8BEF-FDAB2D8D99CC}.Release|Any CPU.Build.0 = Release|Any CPU
	EndGlobalSection
	GlobalSection(SolutionProperties) = preSolution
		HideSolutionNode = FALSE
	EndGlobalSection
	GlobalSection(ExtensibilityGlobals) = postSolution
		SolutionGuid = {325C35E7-1579-40A3-9A00-C384DCC2B045}
	EndGlobalSection
EndGlobal
